
Microsoft Visual Studio Solution File, Format Version 12.00
# Visual Studio Version 16
VisualStudioVersion = 16.0.30804.86
MinimumVisualStudioVersion = 10.0.40219.1
Project("{FAE04EC0-301F-11D3-BF4B-00C04F79EFBC}") = "BrainStationExam", "BrainStationExam\BrainStationExam.csproj", "{6FD16CDC-E6C9-4A32-8F87-58EB23360547}"
EndProject
Global
	GlobalSection(SolutionConfigurationPlatforms) = preSolution
		Debug|Any CPU = Debug|Any CPU
		Release|Any CPU = Release|Any CPU
	EndGlobalSection
	GlobalSection(ProjectConfigurationPlatforms) = postSolution
		{6FD16CDC-E6C9-4A32-8F87-58EB23360547}.Debug|Any CPU.ActiveCfg = Debug|Any CPU
		{6FD16CDC-E6C9-4A32-8F87-58EB23360547}.Debug|Any CPU.Build.0 = Debug|Any CPU
		{6FD16CDC-E6C9-4A32-8F87-58EB23360547}.Release|Any CPU.ActiveCfg = Release|Any CPU
		{6FD16CDC-E6C9-4A32-8F87-58EB23360547}.Release|Any CPU.Build.0 = Release|Any CPU
	EndGlobalSection
	GlobalSection(SolutionProperties) = preSolution
		HideSolutionNode = FALSE
	EndGlobalSection
	GlobalSection(ExtensibilityGlobals) = postSolution
		SolutionGuid = {347B5A90-1FE1-4207-866C-EE8E94B5B2E2}
	EndGlobalSection
EndGlobal
